
Microsoft Visual Studio Solution File, Format Version 12.00
# Visual Studio Version 17
VisualStudioVersion = 17.4.33122.133
MinimumVisualStudioVersion = 10.0.40219.1
Project("{FAE04EC0-301F-11D3-BF4B-00C04F79EFBC}") = "AksWorkloadIdentitySample.Api", "AksWorkloadIdentitySample.Api\AksWorkloadIdentitySample.Api.csproj", "{070B3727-74E5-4B31-825B-6035EA0AD8DE}"
EndProject
Global
	GlobalSection(SolutionConfigurationPlatforms) = preSolution
		Debug|Any CPU = Debug|Any CPU
		Release|Any CPU = Release|Any CPU
	EndGlobalSection
	GlobalSection(ProjectConfigurationPlatforms) = postSolution
		{070B3727-74E5-4B31-825B-6035EA0AD8DE}.Debug|Any CPU.ActiveCfg = Debug|Any CPU
		{070B3727-74E5-4B31-825B-6035EA0AD8DE}.Debug|Any CPU.Build.0 = Debug|Any CPU
		{070B3727-74E5-4B31-825B-6035EA0AD8DE}.Release|Any CPU.ActiveCfg = Release|Any CPU
		{070B3727-74E5-4B31-825B-6035EA0AD8DE}.Release|Any CPU.Build.0 = Release|Any CPU
	EndGlobalSection
	GlobalSection(SolutionProperties) = preSolution
		HideSolutionNode = FALSE
	EndGlobalSection
	GlobalSection(ExtensibilityGlobals) = postSolution
		SolutionGuid = {10D5C87A-E92A-47CC-B03B-28FA59F4D292}
	EndGlobalSection
EndGlobal
